
Microsoft Visual Studio Solution File, Format Version 12.00
# Visual Studio Version 16
VisualStudioVersion = 16.0.29709.97
MinimumVisualStudioVersion = 10.0.40219.1
Project("{FAE04EC0-301F-11D3-BF4B-00C04F79EFBC}") = "EnerdsTelegramBot", "EnerdsTelegramBot\EnerdsTelegramBot.csproj", "{489758FD-57E8-4617-9BA6-DD40EB9F3FF0}"
EndProject
Global
	GlobalSection(SolutionConfigurationPlatforms) = preSolution
		Debug|Any CPU = Debug|Any CPU
		Debug|x64 = Debug|x64
		Release|Any CPU = Release|Any CPU
		Release|x64 = Release|x64
	EndGlobalSection
	GlobalSection(ProjectConfigurationPlatforms) = postSolution
		{489758FD-57E8-4617-9BA6-DD40EB9F3FF0}.Debug|Any CPU.ActiveCfg = Debug|Any CPU
		{489758FD-57E8-4617-9BA6-DD40EB9F3FF0}.Debug|Any CPU.Build.0 = Debug|Any CPU
		{489758FD-57E8-4617-9BA6-DD40EB9F3FF0}.Debug|x64.ActiveCfg = Debug|x64
		{489758FD-57E8-4617-9BA6-DD40EB9F3FF0}.Debug|x64.Build.0 = Debug|x64
		{489758FD-57E8-4617-9BA6-DD40EB9F3FF0}.Release|Any CPU.ActiveCfg = Release|Any CPU
		{489758FD-57E8-4617-9BA6-DD40EB9F3FF0}.Release|Any CPU.Build.0 = Release|Any CPU
		{489758FD-57E8-4617-9BA6-DD40EB9F3FF0}.Release|x64.ActiveCfg = Release|x64
		{489758FD-57E8-4617-9BA6-DD40EB9F3FF0}.Release|x64.Build.0 = Release|x64
	EndGlobalSection
	GlobalSection(SolutionProperties) = preSolution
		HideSolutionNode = FALSE
	EndGlobalSection
	GlobalSection(ExtensibilityGlobals) = postSolution
		SolutionGuid = {506F0767-0AC7-44FF-ACB8-33DC6E7C1455}
	EndGlobalSection
EndGlobal
